
Microsoft Visual Studio Solution File, Format Version 12.00
# Visual Studio Version 16
VisualStudioVersion = 16.0.31112.23
MinimumVisualStudioVersion = 10.0.40219.1
Project("{9A19103F-16F7-4668-BE54-9A1E7A4F7556}") = "Oefening1", "Oefening1\Oefening1.csproj", "{D3F3DE59-991E-4F91-8336-40B4CDB7C9C1}"
EndProject
Project("{9A19103F-16F7-4668-BE54-9A1E7A4F7556}") = "Oefening2", "Oefening2\Oefening2.csproj", "{E1A0D677-28AA-4451-93F4-7144D6BED4A1}"
EndProject
Project("{9A19103F-16F7-4668-BE54-9A1E7A4F7556}") = "Oefening3", "Oefening3\Oefening3.csproj", "{B6C3F915-4FBD-4B17-ADDF-C6E9861BDEEB}"
EndProject
Project("{FAE04EC0-301F-11D3-BF4B-00C04F79EFBC}") = "SortingApplication", "SortingApplication\SortingApplication.csproj", "{5137F26E-EC92-4DB7-9EE6-A89D62F35811}"
EndProject
Global
	GlobalSection(SolutionConfigurationPlatforms) = preSolution
		Debug|Any CPU = Debug|Any CPU
		Release|Any CPU = Release|Any CPU
	EndGlobalSection
	GlobalSection(ProjectConfigurationPlatforms) = postSolution
		{D3F3DE59-991E-4F91-8336-40B4CDB7C9C1}.Debug|Any CPU.ActiveCfg = Debug|Any CPU
		{D3F3DE59-991E-4F91-8336-40B4CDB7C9C1}.Debug|Any CPU.Build.0 = Debug|Any CPU
		{D3F3DE59-991E-4F91-8336-40B4CDB7C9C1}.Release|Any CPU.ActiveCfg = Release|Any CPU
		{D3F3DE59-991E-4F91-8336-40B4CDB7C9C1}.Release|Any CPU.Build.0 = Release|Any CPU
		{E1A0D677-28AA-4451-93F4-7144D6BED4A1}.Debug|Any CPU.ActiveCfg = Debug|Any CPU
		{E1A0D677-28AA-4451-93F4-7144D6BED4A1}.Debug|Any CPU.Build.0 = Debug|Any CPU
		{E1A0D677-28AA-4451-93F4-7144D6BED4A1}.Release|Any CPU.ActiveCfg = Release|Any CPU
		{E1A0D677-28AA-4451-93F4-7144D6BED4A1}.Release|Any CPU.Build.0 = Release|Any CPU
		{B6C3F915-4FBD-4B17-ADDF-C6E9861BDEEB}.Debug|Any CPU.ActiveCfg = Debug|Any CPU
		{B6C3F915-4FBD-4B17-ADDF-C6E9861BDEEB}.Debug|Any CPU.Build.0 = Debug|Any CPU
		{B6C3F915-4FBD-4B17-ADDF-C6E9861BDEEB}.Release|Any CPU.ActiveCfg = Release|Any CPU
		{B6C3F915-4FBD-4B17-ADDF-C6E9861BDEEB}.Release|Any CPU.Build.0 = Release|Any CPU
		{5137F26E-EC92-4DB7-9EE6-A89D62F35811}.Debug|Any CPU.ActiveCfg = Debug|Any CPU
		{5137F26E-EC92-4DB7-9EE6-A89D62F35811}.Debug|Any CPU.Build.0 = Debug|Any CPU
		{5137F26E-EC92-4DB7-9EE6-A89D62F35811}.Release|Any CPU.ActiveCfg = Release|Any CPU
		{5137F26E-EC92-4DB7-9EE6-A89D62F35811}.Release|Any CPU.Build.0 = Release|Any CPU
	EndGlobalSection
	GlobalSection(SolutionProperties) = preSolution
		HideSolutionNode = FALSE
	EndGlobalSection
	GlobalSection(ExtensibilityGlobals) = postSolution
		SolutionGuid = {E73D7E28-C754-47D8-AA15-616CC0BD1030}
	EndGlobalSection
EndGlobal
